
Microsoft Visual Studio Solution File, Format Version 12.00
# Visual Studio Version 17
VisualStudioVersion = 17.8.34330.188
MinimumVisualStudioVersion = 10.0.40219.1
Project("{9A19103F-16F7-4668-BE54-9A1E7A4F7556}") = "BulkyWeb", "BulkyWeb\BulkyWeb.csproj", "{ADFC9EF7-AE9E-44EA-8F0E-87131516A4A5}"
EndProject
Project("{FAE04EC0-301F-11D3-BF4B-00C04F79EFBC}") = "BulkyWebRazor_Temp", "BulkyWebRazor_Temp\BulkyWebRazor_Temp.csproj", "{99438957-A428-407C-BEB9-81DD4D355B04}"
EndProject
Global
	GlobalSection(SolutionConfigurationPlatforms) = preSolution
		Debug|Any CPU = Debug|Any CPU
		Release|Any CPU = Release|Any CPU
	EndGlobalSection
	GlobalSection(ProjectConfigurationPlatforms) = postSolution
		{ADFC9EF7-AE9E-44EA-8F0E-87131516A4A5}.Debug|Any CPU.ActiveCfg = Debug|Any CPU
		{ADFC9EF7-AE9E-44EA-8F0E-87131516A4A5}.Debug|Any CPU.Build.0 = Debug|Any CPU
		{ADFC9EF7-AE9E-44EA-8F0E-87131516A4A5}.Release|Any CPU.ActiveCfg = Release|Any CPU
		{ADFC9EF7-AE9E-44EA-8F0E-87131516A4A5}.Release|Any CPU.Build.0 = Release|Any CPU
		{99438957-A428-407C-BEB9-81DD4D355B04}.Debug|Any CPU.ActiveCfg = Debug|Any CPU
		{99438957-A428-407C-BEB9-81DD4D355B04}.Debug|Any CPU.Build.0 = Debug|Any CPU
		{99438957-A428-407C-BEB9-81DD4D355B04}.Release|Any CPU.ActiveCfg = Release|Any CPU
		{99438957-A428-407C-BEB9-81DD4D355B04}.Release|Any CPU.Build.0 = Release|Any CPU
	EndGlobalSection
	GlobalSection(SolutionProperties) = preSolution
		HideSolutionNode = FALSE
	EndGlobalSection
	GlobalSection(ExtensibilityGlobals) = postSolution
		SolutionGuid = {7F59316D-7803-4D09-8738-A71B31839871}
	EndGlobalSection
EndGlobal
